
Microsoft Visual Studio Solution File, Format Version 12.00
# Visual Studio Version 17
VisualStudioVersion = 17.0.31903.59
MinimumVisualStudioVersion = 10.0.40219.1
Project("{2150E333-8FDC-42A3-9474-1A3956D46DE8}") = "src", "src", "{B82E9BAF-3F08-4D32-A709-CF6EC96541E7}"
EndProject
Project("{FAE04EC0-301F-11D3-BF4B-00C04F79EFBC}") = "Entry", "src\Entry\Entry.csproj", "{FB4E01DA-D815-40F8-A004-C70C2263370E}"
EndProject
Project("{FAE04EC0-301F-11D3-BF4B-00C04F79EFBC}") = "Net", "src\Net\Net.csproj", "{8ADE3959-51D8-4FE6-A433-CECF4223A5A1}"
EndProject
Project("{FAE04EC0-301F-11D3-BF4B-00C04F79EFBC}") = "Core", "src\Core\Core.csproj", "{E081CFB5-1AD3-434D-94C1-D300E3718488}"
EndProject
Global
	GlobalSection(SolutionConfigurationPlatforms) = preSolution
		Debug|Any CPU = Debug|Any CPU
		Release|Any CPU = Release|Any CPU
	EndGlobalSection
	GlobalSection(SolutionProperties) = preSolution
		HideSolutionNode = FALSE
	EndGlobalSection
	GlobalSection(ProjectConfigurationPlatforms) = postSolution
		{FB4E01DA-D815-40F8-A004-C70C2263370E}.Debug|Any CPU.ActiveCfg = Debug|Any CPU
		{FB4E01DA-D815-40F8-A004-C70C2263370E}.Debug|Any CPU.Build.0 = Debug|Any CPU
		{FB4E01DA-D815-40F8-A004-C70C2263370E}.Release|Any CPU.ActiveCfg = Release|Any CPU
		{FB4E01DA-D815-40F8-A004-C70C2263370E}.Release|Any CPU.Build.0 = Release|Any CPU
		{8ADE3959-51D8-4FE6-A433-CECF4223A5A1}.Debug|Any CPU.ActiveCfg = Debug|Any CPU
		{8ADE3959-51D8-4FE6-A433-CECF4223A5A1}.Debug|Any CPU.Build.0 = Debug|Any CPU
		{8ADE3959-51D8-4FE6-A433-CECF4223A5A1}.Release|Any CPU.ActiveCfg = Release|Any CPU
		{8ADE3959-51D8-4FE6-A433-CECF4223A5A1}.Release|Any CPU.Build.0 = Release|Any CPU
		{E081CFB5-1AD3-434D-94C1-D300E3718488}.Debug|Any CPU.ActiveCfg = Debug|Any CPU
		{E081CFB5-1AD3-434D-94C1-D300E3718488}.Debug|Any CPU.Build.0 = Debug|Any CPU
		{E081CFB5-1AD3-434D-94C1-D300E3718488}.Release|Any CPU.ActiveCfg = Release|Any CPU
		{E081CFB5-1AD3-434D-94C1-D300E3718488}.Release|Any CPU.Build.0 = Release|Any CPU
	EndGlobalSection
	GlobalSection(NestedProjects) = preSolution
		{FB4E01DA-D815-40F8-A004-C70C2263370E} = {B82E9BAF-3F08-4D32-A709-CF6EC96541E7}
		{8ADE3959-51D8-4FE6-A433-CECF4223A5A1} = {B82E9BAF-3F08-4D32-A709-CF6EC96541E7}
		{E081CFB5-1AD3-434D-94C1-D300E3718488} = {B82E9BAF-3F08-4D32-A709-CF6EC96541E7}
	EndGlobalSection
EndGlobal
